
Microsoft Visual Studio Solution File, Format Version 12.00
# Visual Studio 15
VisualStudioVersion = 15.0.28010.2026
MinimumVisualStudioVersion = 10.0.40219.1
Project("{9A19103F-16F7-4668-BE54-9A1E7A4F7556}") = "OSCaRS.UI", "src\OSCaRS.UI\OSCaRS.UI.csproj", "{27F794DE-91D4-49E6-B807-7826EC82418F}"
EndProject
Project("{2150E333-8FDC-42A3-9474-1A3956D46DE8}") = "1. Core", "1. Core", "{8D6DD99D-B0EB-4F67-95F3-6EF32E8A80A9}"
EndProject
Project("{FAE04EC0-301F-11D3-BF4B-00C04F79EFBC}") = "OSCaRS.Core", "src\OSCaRS.Core\OSCaRS.Core.csproj", "{0B97E9B0-7FBF-4BA6-8014-8BC7B1EAFE32}"
EndProject
Project("{FAE04EC0-301F-11D3-BF4B-00C04F79EFBC}") = "OScaRS.Data.Contracts", "src\OScaRS.Data.Contracts\OScaRS.Data.Contracts.csproj", "{FA89F0A9-3613-4E97-8B30-5936869CF659}"
EndProject
Project("{FAE04EC0-301F-11D3-BF4B-00C04F79EFBC}") = "OSCaRS.Data.EntityFramework", "src\OSCaRS.Data.EntityFramework\OSCaRS.Data.EntityFramework.csproj", "{5A92B92F-4592-4128-804F-0FE32E71805E}"
EndProject
Global
	GlobalSection(SolutionConfigurationPlatforms) = preSolution
		Debug|Any CPU = Debug|Any CPU
		Release|Any CPU = Release|Any CPU
	EndGlobalSection
	GlobalSection(ProjectConfigurationPlatforms) = postSolution
		{27F794DE-91D4-49E6-B807-7826EC82418F}.Debug|Any CPU.ActiveCfg = Debug|Any CPU
		{27F794DE-91D4-49E6-B807-7826EC82418F}.Debug|Any CPU.Build.0 = Debug|Any CPU
		{27F794DE-91D4-49E6-B807-7826EC82418F}.Release|Any CPU.ActiveCfg = Release|Any CPU
		{27F794DE-91D4-49E6-B807-7826EC82418F}.Release|Any CPU.Build.0 = Release|Any CPU
		{0B97E9B0-7FBF-4BA6-8014-8BC7B1EAFE32}.Debug|Any CPU.ActiveCfg = Debug|Any CPU
		{0B97E9B0-7FBF-4BA6-8014-8BC7B1EAFE32}.Debug|Any CPU.Build.0 = Debug|Any CPU
		{0B97E9B0-7FBF-4BA6-8014-8BC7B1EAFE32}.Release|Any CPU.ActiveCfg = Release|Any CPU
		{0B97E9B0-7FBF-4BA6-8014-8BC7B1EAFE32}.Release|Any CPU.Build.0 = Release|Any CPU
		{FA89F0A9-3613-4E97-8B30-5936869CF659}.Debug|Any CPU.ActiveCfg = Debug|Any CPU
		{FA89F0A9-3613-4E97-8B30-5936869CF659}.Debug|Any CPU.Build.0 = Debug|Any CPU
		{FA89F0A9-3613-4E97-8B30-5936869CF659}.Release|Any CPU.ActiveCfg = Release|Any CPU
		{FA89F0A9-3613-4E97-8B30-5936869CF659}.Release|Any CPU.Build.0 = Release|Any CPU
		{5A92B92F-4592-4128-804F-0FE32E71805E}.Debug|Any CPU.ActiveCfg = Debug|Any CPU
		{5A92B92F-4592-4128-804F-0FE32E71805E}.Debug|Any CPU.Build.0 = Debug|Any CPU
		{5A92B92F-4592-4128-804F-0FE32E71805E}.Release|Any CPU.ActiveCfg = Release|Any CPU
		{5A92B92F-4592-4128-804F-0FE32E71805E}.Release|Any CPU.Build.0 = Release|Any CPU
	EndGlobalSection
	GlobalSection(SolutionProperties) = preSolution
		HideSolutionNode = FALSE
	EndGlobalSection
	GlobalSection(NestedProjects) = preSolution
		{0B97E9B0-7FBF-4BA6-8014-8BC7B1EAFE32} = {8D6DD99D-B0EB-4F67-95F3-6EF32E8A80A9}
		{FA89F0A9-3613-4E97-8B30-5936869CF659} = {8D6DD99D-B0EB-4F67-95F3-6EF32E8A80A9}
		{5A92B92F-4592-4128-804F-0FE32E71805E} = {8D6DD99D-B0EB-4F67-95F3-6EF32E8A80A9}
	EndGlobalSection
	GlobalSection(ExtensibilityGlobals) = postSolution
		SolutionGuid = {737B4D75-CCF9-42E1-B226-4BA54340E66F}
	EndGlobalSection
EndGlobal
