
Microsoft Visual Studio Solution File, Format Version 12.00
# Visual Studio 14
VisualStudioVersion = 14.0.25420.1
MinimumVisualStudioVersion = 10.0.40219.1
Project("{2150E333-8FDC-42A3-9474-1A3956D46DE8}") = "src", "src", "{F131DA18-F5A9-4514-BDBF-7786AC8109FA}"
EndProject
Project("{8BB2217D-0F2D-49D1-97BC-3654ED321F3B}") = "OSCaRS.API", "OSCaRS.API\OSCaRS.API.xproj", "{F26FD154-79B4-4A16-8F31-8BBDECDB2270}"
EndProject
Project("{2150E333-8FDC-42A3-9474-1A3956D46DE8}") = "Domain", "Domain", "{E8DC7B36-7FDF-40FE-9459-F45A809C4641}"
EndProject
Project("{8BB2217D-0F2D-49D1-97BC-3654ED321F3B}") = "OSCaRS.Domain", "OSCaRS.Domain\OSCaRS.Domain.xproj", "{C3AE2FEF-1A41-44A0-A87A-507B5D4A5247}"
EndProject
Project("{2150E333-8FDC-42A3-9474-1A3956D46DE8}") = "Core", "Core", "{D3880857-2F49-4D21-B1C9-70611982F76C}"
EndProject
Project("{8BB2217D-0F2D-49D1-97BC-3654ED321F3B}") = "OSCaRS.Base", "OSCaRS.Base\OSCaRS.Base.xproj", "{A16A165A-EC29-42BE-8D51-CEAADE4249E1}"
EndProject
Project("{8BB2217D-0F2D-49D1-97BC-3654ED321F3B}") = "OSCaRS.Interfaces", "OSCaRS.Interfaces\OSCaRS.Interfaces.xproj", "{941ACA68-A7E9-4C8C-A99B-53701D9ACC60}"
EndProject
Project("{8BB2217D-0F2D-49D1-97BC-3654ED321F3B}") = "OSCaRS.Core", "OSCaRS.Core\OSCaRS.Core.xproj", "{8DC78A80-7A6C-459E-BC13-7E3EB810A87C}"
EndProject
Global
	GlobalSection(SolutionConfigurationPlatforms) = preSolution
		Debug|Any CPU = Debug|Any CPU
		Release|Any CPU = Release|Any CPU
	EndGlobalSection
	GlobalSection(ProjectConfigurationPlatforms) = postSolution
		{F26FD154-79B4-4A16-8F31-8BBDECDB2270}.Debug|Any CPU.ActiveCfg = Debug|Any CPU
		{F26FD154-79B4-4A16-8F31-8BBDECDB2270}.Debug|Any CPU.Build.0 = Debug|Any CPU
		{F26FD154-79B4-4A16-8F31-8BBDECDB2270}.Release|Any CPU.ActiveCfg = Release|Any CPU
		{F26FD154-79B4-4A16-8F31-8BBDECDB2270}.Release|Any CPU.Build.0 = Release|Any CPU
		{C3AE2FEF-1A41-44A0-A87A-507B5D4A5247}.Debug|Any CPU.ActiveCfg = Debug|Any CPU
		{C3AE2FEF-1A41-44A0-A87A-507B5D4A5247}.Debug|Any CPU.Build.0 = Debug|Any CPU
		{C3AE2FEF-1A41-44A0-A87A-507B5D4A5247}.Release|Any CPU.ActiveCfg = Release|Any CPU
		{C3AE2FEF-1A41-44A0-A87A-507B5D4A5247}.Release|Any CPU.Build.0 = Release|Any CPU
		{A16A165A-EC29-42BE-8D51-CEAADE4249E1}.Debug|Any CPU.ActiveCfg = Debug|Any CPU
		{A16A165A-EC29-42BE-8D51-CEAADE4249E1}.Debug|Any CPU.Build.0 = Debug|Any CPU
		{A16A165A-EC29-42BE-8D51-CEAADE4249E1}.Release|Any CPU.ActiveCfg = Release|Any CPU
		{A16A165A-EC29-42BE-8D51-CEAADE4249E1}.Release|Any CPU.Build.0 = Release|Any CPU
		{941ACA68-A7E9-4C8C-A99B-53701D9ACC60}.Debug|Any CPU.ActiveCfg = Debug|Any CPU
		{941ACA68-A7E9-4C8C-A99B-53701D9ACC60}.Debug|Any CPU.Build.0 = Debug|Any CPU
		{941ACA68-A7E9-4C8C-A99B-53701D9ACC60}.Release|Any CPU.ActiveCfg = Release|Any CPU
		{941ACA68-A7E9-4C8C-A99B-53701D9ACC60}.Release|Any CPU.Build.0 = Release|Any CPU
		{8DC78A80-7A6C-459E-BC13-7E3EB810A87C}.Debug|Any CPU.ActiveCfg = Debug|Any CPU
		{8DC78A80-7A6C-459E-BC13-7E3EB810A87C}.Debug|Any CPU.Build.0 = Debug|Any CPU
		{8DC78A80-7A6C-459E-BC13-7E3EB810A87C}.Release|Any CPU.ActiveCfg = Release|Any CPU
		{8DC78A80-7A6C-459E-BC13-7E3EB810A87C}.Release|Any CPU.Build.0 = Release|Any CPU
	EndGlobalSection
	GlobalSection(SolutionProperties) = preSolution
		HideSolutionNode = FALSE
	EndGlobalSection
	GlobalSection(NestedProjects) = preSolution
		{F26FD154-79B4-4A16-8F31-8BBDECDB2270} = {F131DA18-F5A9-4514-BDBF-7786AC8109FA}
		{E8DC7B36-7FDF-40FE-9459-F45A809C4641} = {F131DA18-F5A9-4514-BDBF-7786AC8109FA}
		{C3AE2FEF-1A41-44A0-A87A-507B5D4A5247} = {E8DC7B36-7FDF-40FE-9459-F45A809C4641}
		{D3880857-2F49-4D21-B1C9-70611982F76C} = {F131DA18-F5A9-4514-BDBF-7786AC8109FA}
		{A16A165A-EC29-42BE-8D51-CEAADE4249E1} = {D3880857-2F49-4D21-B1C9-70611982F76C}
		{941ACA68-A7E9-4C8C-A99B-53701D9ACC60} = {D3880857-2F49-4D21-B1C9-70611982F76C}
		{8DC78A80-7A6C-459E-BC13-7E3EB810A87C} = {D3880857-2F49-4D21-B1C9-70611982F76C}
	EndGlobalSection
EndGlobal
